{
  "lockfileVersion": 1,
  "configVersion": 1,
  "workspaces": {
    "": {
      "name": "flowscript",
      "dependencies": {
        "@dagrejs/dagre": "^3.0.0",
      },
      "devDependencies": {
        "@types/node": "^25.5.0",
        "bun-types": "^1.3.11",
      },
    },
  },
  "packages": {
    "@dagrejs/dagre": ["@dagrejs/dagre@3.0.0", "", { "dependencies": { "@dagrejs/graphlib": "4.0.1" } }, "sha512-ZzhnTy1rfuoew9Ez3EIw4L2znPGnYYhfn8vc9c4oB8iw6QAsszbiU0vRhlxWPFnmmNSFAkrYeF1PhM5m4lAN0Q=="],

    "@dagrejs/graphlib": ["@dagrejs/graphlib@4.0.1", "", {}, "sha512-IvcV6FduIIAmLwnH+yun+QtV36SC7mERqa86aClNqmMN09WhmPPYU8ckHrZBozErf+UvHPWOTJYaGYiIcs0DgA=="],

    "@types/node": ["@types/node@25.5.0", "", { "dependencies": { "undici-types": "~7.18.0" } }, "sha512-jp2P3tQMSxWugkCUKLRPVUpGaL5MVFwF8RDuSRztfwgN1wmqJeMSbKlnEtQqU8UrhTmzEmZdu2I6v2dpp7XIxw=="],

    "bun-types": ["bun-types@1.3.11", "", { "dependencies": { "@types/node": "*" } }, "sha512-1KGPpoxQWl9f6wcZh57LvrPIInQMn2TQ7jsgxqpRzg+l0QPOFvJVH7HmvHo/AiPgwXy+/Thf6Ov3EdVn1vOabg=="],

    "undici-types": ["undici-types@7.18.2", "", {}, "sha512-AsuCzffGHJybSaRrmr5eHr81mwJU3kjw6M+uprWvCXiNeN9SOGwQ3Jn8jb8m3Z6izVgknn1R0FTCEAP2QrLY/w=="],
  }
}
